dependencies:
- name: xarr
  repository: https://stevelipinski.github.io/helm-charts
  version: 0.3.10
- name: xarr
  repository: https://stevelipinski.github.io/helm-charts
  version: 0.3.10
- name: xarr
  repository: https://stevelipinski.github.io/helm-charts
  version: 0.3.10
- name: xarr
  repository: https://stevelipinski.github.io/helm-charts
  version: 0.3.10
- name: xarr
  repository: https://stevelipinski.github.io/helm-charts
  version: 0.3.10
digest: sha256:fb760bd79abfb554e955d4dd071b29617e264aec29dc3a75283e6af5d4fc53bb
generated: "2021-12-20T00:12:18.503906761-05:00"
