dependencies:
- name: xarr
  repository: https://stevelipinski.github.io/helm-charts
  version: 0.4.1
- name: xarr
  repository: https://stevelipinski.github.io/helm-charts
  version: 0.4.1
- name: xarr
  repository: https://stevelipinski.github.io/helm-charts
  version: 0.4.1
- name: xarr
  repository: https://stevelipinski.github.io/helm-charts
  version: 0.4.1
- name: xarr
  repository: https://stevelipinski.github.io/helm-charts
  version: 0.4.1
digest: sha256:a0862dfc5d12b85037f2c885d25a06c0c6eb8752740a93f7d56f91cc666e3b2d
generated: "2021-12-31T18:48:01.112889787-05:00"
